// !$*UTF8*$!
{
	archiveVersion = 1;
	classes = {
	};
	objectVersion = 50;
	objects = {

/* Begin PBXBuildFile section */
		18DBE56772E1434A10C55E4D /* Pods_NPSScore.framework in Frameworks */ = {isa = PBXBuildFile; fileRef = 2B3EB607C7CD2F61AAFA1710 /* Pods_NPSScore.framework */; };
		27179254220E89DA00C964B6 /* AppDelegate.swift in Sources */ = {isa = PBXBuildFile; fileRef = 27179253220E89DA00C964B6 /* AppDelegate.swift */; };
		27179259220E89DA00C964B6 /* Main.storyboard in Resources */ = {isa = PBXBuildFile; fileRef = 27179257220E89DA00C964B6 /* Main.storyboard */; };
		2717925B220E89DC00C964B6 /* Assets.xcassets in Resources */ = {isa = PBXBuildFile; fileRef = 2717925A220E89DC00C964B6 /* Assets.xcassets */; };
		2717925E220E89DC00C964B6 /* LaunchScreen.storyboard in Resources */ = {isa = PBXBuildFile; fileRef = 2717925C220E89DC00C964B6 /* LaunchScreen.storyboard */; };
		27179269220E8ACB00C964B6 /* KBaseViewController.swift in Sources */ = {isa = PBXBuildFile; fileRef = 27179268220E8ACB00C964B6 /* KBaseViewController.swift */; };
		2717926B220E8AF800C964B6 /* KBaseModel.swift in Sources */ = {isa = PBXBuildFile; fileRef = 2717926A220E8AF800C964B6 /* KBaseModel.swift */; };
		272ED15E220F33B1005D0FA9 /* KConstants.swift in Sources */ = {isa = PBXBuildFile; fileRef = 272ED15D220F33B1005D0FA9 /* KConstants.swift */; };
		272ED160220FA87D005D0FA9 /* KNpsModel.swift in Sources */ = {isa = PBXBuildFile; fileRef = 272ED15F220FA87D005D0FA9 /* KNpsModel.swift */; };
		272ED163220FAD13005D0FA9 /* KRequestManager.swift in Sources */ = {isa = PBXBuildFile; fileRef = 272ED162220FAD13005D0FA9 /* KRequestManager.swift */; };
		272ED165220FB432005D0FA9 /* KParserManager.swift in Sources */ = {isa = PBXBuildFile; fileRef = 272ED164220FB432005D0FA9 /* KParserManager.swift */; };
		272ED167220FBF5F005D0FA9 /* KSplashScreenViewController.swift in Sources */ = {isa = PBXBuildFile; fileRef = 272ED166220FBF5F005D0FA9 /* KSplashScreenViewController.swift */; };
		272ED1692210958A005D0FA9 /* KBuildModel.swift in Sources */ = {isa = PBXBuildFile; fileRef = 272ED1682210958A005D0FA9 /* KBuildModel.swift */; };
		272ED16B2210A2D2005D0FA9 /* KNpsBuildScoreViewController.swift in Sources */ = {isa = PBXBuildFile; fileRef = 272ED16A2210A2D2005D0FA9 /* KNpsBuildScoreViewController.swift */; };
		272ED16D2210A3CF005D0FA9 /* KNPSSingleton.swift in Sources */ = {isa = PBXBuildFile; fileRef = 272ED16C2210A3CF005D0FA9 /* KNPSSingleton.swift */; };
		272ED16F22110DA0005D0FA9 /* KNpsBuildDetailViewController.swift in Sources */ = {isa = PBXBuildFile; fileRef = 272ED16E22110DA0005D0FA9 /* KNpsBuildDetailViewController.swift */; };
		272ED174221122C2005D0FA9 /* KNpsValueCollectionViewCell.swift in Sources */ = {isa = PBXBuildFile; fileRef = 272ED172221122C1005D0FA9 /* KNpsValueCollectionViewCell.swift */; };
		272ED175221122C2005D0FA9 /* KNpsValueCollectionViewCell.xib in Resources */ = {isa = PBXBuildFile; fileRef = 272ED173221122C1005D0FA9 /* KNpsValueCollectionViewCell.xib */; };
/* End PBXBuildFile section */

/* Begin PBXFileReference section */
		27179250220E89DA00C964B6 /* NPSScore.app */ = {isa = PBXFileReference; explicitFileType = wrapper.application; includeInIndex = 0; path = NPSScore.app; sourceTree = BUILT_PRODUCTS_DIR; };
		27179253220E89DA00C964B6 /* AppDelegate.swift */ = {isa = PBXFileReference; lastKnownFileType = sourcecode.swift; path = AppDelegate.swift; sourceTree = "<group>"; };
		27179258220E89DA00C964B6 /* Base */ = {isa = PBXFileReference; lastKnownFileType = file.storyboard; name = Base; path = Base.lproj/Main.storyboard; sourceTree = "<group>"; };
		2717925A220E89DC00C964B6 /* Assets.xcassets */ = {isa = PBXFileReference; lastKnownFileType = folder.assetcatalog; path = Assets.xcassets; sourceTree = "<group>"; };
		2717925D220E89DC00C964B6 /* Base */ = {isa = PBXFileReference; lastKnownFileType = file.storyboard; name = Base; path = Base.lproj/LaunchScreen.storyboard; sourceTree = "<group>"; };
		2717925F220E89DC00C964B6 /* Info.plist */ = {isa = PBXFileReference; lastKnownFileType = text.plist.xml; path = Info.plist; sourceTree = "<group>"; };
		27179268220E8ACB00C964B6 /* KBaseViewController.swift */ = {isa = PBXFileReference; lastKnownFileType = sourcecode.swift; path = KBaseViewController.swift; sourceTree = "<group>"; };
		2717926A220E8AF800C964B6 /* KBaseModel.swift */ = {isa = PBXFileReference; lastKnownFileType = sourcecode.swift; path = KBaseModel.swift; sourceTree = "<group>"; };
		272ED15D220F33B1005D0FA9 /* KConstants.swift */ = {isa = PBXFileReference; fileEncoding = 4; lastKnownFileType = sourcecode.swift; path = KConstants.swift; sourceTree = "<group>"; };
		272ED15F220FA87D005D0FA9 /* KNpsModel.swift */ = {isa = PBXFileReference; lastKnownFileType = sourcecode.swift; path = KNpsModel.swift; sourceTree = "<group>"; };
		272ED162220FAD13005D0FA9 /* KRequestManager.swift */ = {isa = PBXFileReference; lastKnownFileType = sourcecode.swift; path = KRequestManager.swift; sourceTree = "<group>"; };
		272ED164220FB432005D0FA9 /* KParserManager.swift */ = {isa = PBXFileReference; lastKnownFileType = sourcecode.swift; path = KParserManager.swift; sourceTree = "<group>"; };
		272ED166220FBF5F005D0FA9 /* KSplashScreenViewController.swift */ = {isa = PBXFileReference; lastKnownFileType = sourcecode.swift; path = KSplashScreenViewController.swift; sourceTree = "<group>"; };
		272ED1682210958A005D0FA9 /* KBuildModel.swift */ = {isa = PBXFileReference; lastKnownFileType = sourcecode.swift; path = KBuildModel.swift; sourceTree = "<group>"; };
		272ED16A2210A2D2005D0FA9 /* KNpsBuildScoreViewController.swift */ = {isa = PBXFileReference; lastKnownFileType = sourcecode.swift; path = KNpsBuildScoreViewController.swift; sourceTree = "<group>"; };
		272ED16C2210A3CF005D0FA9 /* KNPSSingleton.swift */ = {isa = PBXFileReference; lastKnownFileType = sourcecode.swift; path = KNPSSingleton.swift; sourceTree = "<group>"; };
		272ED16E22110DA0005D0FA9 /* KNpsBuildDetailViewController.swift */ = {isa = PBXFileReference; lastKnownFileType = sourcecode.swift; path = KNpsBuildDetailViewController.swift; sourceTree = "<group>"; };
		272ED172221122C1005D0FA9 /* KNpsValueCollectionViewCell.swift */ = {isa = PBXFileReference; lastKnownFileType = sourcecode.swift; path = KNpsValueCollectionViewCell.swift; sourceTree = "<group>"; };
		272ED173221122C1005D0FA9 /* KNpsValueCollectionViewCell.xib */ = {isa = PBXFileReference; lastKnownFileType = file.xib; path = KNpsValueCollectionViewCell.xib; sourceTree = "<group>"; };
		2B3EB607C7CD2F61AAFA1710 /* Pods_NPSScore.framework */ = {isa = PBXFileReference; explicitFileType = wrapper.framework; includeInIndex = 0; path = Pods_NPSScore.framework; sourceTree = BUILT_PRODUCTS_DIR; };
		F08168DB5D45F8ECA4F64331 /* Pods-NPSScore.debug.xcconfig */ = {isa = PBXFileReference; includeInIndex = 1; lastKnownFileType = text.xcconfig; name = "Pods-NPSScore.debug.xcconfig"; path = "Target Support Files/Pods-NPSScore/Pods-NPSScore.debug.xcconfig"; sourceTree = "<group>"; };
		F7B0EF1A46AC678941F4ECC4 /* Pods-NPSScore.release.xcconfig */ = {isa = PBXFileReference; includeInIndex = 1; lastKnownFileType = text.xcconfig; name = "Pods-NPSScore.release.xcconfig"; path = "Target Support Files/Pods-NPSScore/Pods-NPSScore.release.xcconfig"; sourceTree = "<group>"; };
/* End PBXFileReference section */

/* Begin PBXFrameworksBuildPhase section */
		2717924D220E89DA00C964B6 /* Frameworks */ = {
			isa = PBXFrameworksBuildPhase;
			buildActionMask = 2147483647;
			files = (
				18DBE56772E1434A10C55E4D /* Pods_NPSScore.framework in Frameworks */,
			);
			runOnlyForDeploymentPostprocessing = 0;
		};
/* End PBXFrameworksBuildPhase section */

/* Begin PBXGroup section */
		27179247220E89DA00C964B6 = {
			isa = PBXGroup;
			children = (
				27179252220E89DA00C964B6 /* NPSScore */,
				27179251220E89DA00C964B6 /* Products */,
				AD7B5F4514B46DA85E5B8497 /* Pods */,
				B44AC711C17FF46F3AEB7D66 /* Frameworks */,
			);
			sourceTree = "<group>";
		};
		27179251220E89DA00C964B6 /* Products */ = {
			isa = PBXGroup;
			children = (
				27179250220E89DA00C964B6 /* NPSScore.app */,
			);
			name = Products;
			sourceTree = "<group>";
		};
		27179252220E89DA00C964B6 /* NPSScore */ = {
			isa = PBXGroup;
			children = (
				272ED17022112257005D0FA9 /* Cells */,
				272ED161220FACF0005D0FA9 /* Singletons */,
				272ED15C220F33B1005D0FA9 /* Helpers */,
				27179266220E8A7A00C964B6 /* ViewControllers */,
				27179265220E8A6A00C964B6 /* Models */,
				27179253220E89DA00C964B6 /* AppDelegate.swift */,
				27179257220E89DA00C964B6 /* Main.storyboard */,
				2717925A220E89DC00C964B6 /* Assets.xcassets */,
				2717925C220E89DC00C964B6 /* LaunchScreen.storyboard */,
				2717925F220E89DC00C964B6 /* Info.plist */,
			);
			path = NPSScore;
			sourceTree = "<group>";
		};
		27179265220E8A6A00C964B6 /* Models */ = {
			isa = PBXGroup;
			children = (
				2717926A220E8AF800C964B6 /* KBaseModel.swift */,
				272ED15F220FA87D005D0FA9 /* KNpsModel.swift */,
				272ED1682210958A005D0FA9 /* KBuildModel.swift */,
			);
			path = Models;
			sourceTree = "<group>";
		};
		27179266220E8A7A00C964B6 /* ViewControllers */ = {
			isa = PBXGroup;
			children = (
				27179268220E8ACB00C964B6 /* KBaseViewController.swift */,
				272ED166220FBF5F005D0FA9 /* KSplashScreenViewController.swift */,
				272ED16A2210A2D2005D0FA9 /* KNpsBuildScoreViewController.swift */,
				272ED16E22110DA0005D0FA9 /* KNpsBuildDetailViewController.swift */,
			);
			path = ViewControllers;
			sourceTree = "<group>";
		};
		272ED15C220F33B1005D0FA9 /* Helpers */ = {
			isa = PBXGroup;
			children = (
				272ED15D220F33B1005D0FA9 /* KConstants.swift */,
			);
			path = Helpers;
			sourceTree = "<group>";
		};
		272ED161220FACF0005D0FA9 /* Singletons */ = {
			isa = PBXGroup;
			children = (
				272ED162220FAD13005D0FA9 /* KRequestManager.swift */,
				272ED164220FB432005D0FA9 /* KParserManager.swift */,
				272ED16C2210A3CF005D0FA9 /* KNPSSingleton.swift */,
			);
			path = Singletons;
			sourceTree = "<group>";
		};
		272ED17022112257005D0FA9 /* Cells */ = {
			isa = PBXGroup;
			children = (
				272ED17122112262005D0FA9 /* CollectionViewCells */,
			);
			path = Cells;
			sourceTree = "<group>";
		};
		272ED17122112262005D0FA9 /* CollectionViewCells */ = {
			isa = PBXGroup;
			children = (
				272ED172221122C1005D0FA9 /* KNpsValueCollectionViewCell.swift */,
				272ED173221122C1005D0FA9 /* KNpsValueCollectionViewCell.xib */,
			);
			path = CollectionViewCells;
			sourceTree = "<group>";
		};
		AD7B5F4514B46DA85E5B8497 /* Pods */ = {
			isa = PBXGroup;
			children = (
				F08168DB5D45F8ECA4F64331 /* Pods-NPSScore.debug.xcconfig */,
				F7B0EF1A46AC678941F4ECC4 /* Pods-NPSScore.release.xcconfig */,
			);
			path = Pods;
			sourceTree = "<group>";
		};
		B44AC711C17FF46F3AEB7D66 /* Frameworks */ = {
			isa = PBXGroup;
			children = (
				2B3EB607C7CD2F61AAFA1710 /* Pods_NPSScore.framework */,
			);
			name = Frameworks;
			sourceTree = "<group>";
		};
/* End PBXGroup section */

/* Begin PBXNativeTarget section */
		2717924F220E89DA00C964B6 /* NPSScore */ = {
			isa = PBXNativeTarget;
			buildConfigurationList = 27179262220E89DC00C964B6 /* Build configuration list for PBXNativeTarget "NPSScore" */;
			buildPhases = (
				B53C5DF6E381989348239038 /* [CP] Check Pods Manifest.lock */,
				2717924C220E89DA00C964B6 /* Sources */,
				2717924D220E89DA00C964B6 /* Frameworks */,
				2717924E220E89DA00C964B6 /* Resources */,
				3E1057699997A1B841604CF0 /* [CP] Embed Pods Frameworks */,
			);
			buildRules = (
			);
			dependencies = (
			);
			name = NPSScore;
			productName = NPSScore;
			productReference = 27179250220E89DA00C964B6 /* NPSScore.app */;
			productType = "com.apple.product-type.application";
		};
/* End PBXNativeTarget section */

/* Begin PBXProject section */
		27179248220E89DA00C964B6 /* Project object */ = {
			isa = PBXProject;
			attributes = {
				LastSwiftUpdateCheck = 1010;
				LastUpgradeCheck = 1010;
				ORGANIZATIONNAME = FARC;
				TargetAttributes = {
					2717924F220E89DA00C964B6 = {
						CreatedOnToolsVersion = 10.1;
					};
				};
			};
			buildConfigurationList = 2717924B220E89DA00C964B6 /* Build configuration list for PBXProject "NPSScore" */;
			compatibilityVersion = "Xcode 9.3";
			developmentRegion = en;
			hasScannedForEncodings = 0;
			knownRegions = (
				en,
				Base,
			);
			mainGroup = 27179247220E89DA00C964B6;
			productRefGroup = 27179251220E89DA00C964B6 /* Products */;
			projectDirPath = "";
			projectRoot = "";
			targets = (
				2717924F220E89DA00C964B6 /* NPSScore */,
			);
		};
/* End PBXProject section */

/* Begin PBXResourcesBuildPhase section */
		2717924E220E89DA00C964B6 /* Resources */ = {
			isa = PBXResourcesBuildPhase;
			buildActionMask = 2147483647;
			files = (
				272ED175221122C2005D0FA9 /* KNpsValueCollectionViewCell.xib in Resources */,
				2717925E220E89DC00C964B6 /* LaunchScreen.storyboard in Resources */,
				2717925B220E89DC00C964B6 /* Assets.xcassets in Resources */,
				27179259220E89DA00C964B6 /* Main.storyboard in Resources */,
			);
			runOnlyForDeploymentPostprocessing = 0;
		};
/* End PBXResourcesBuildPhase section */

/* Begin PBXShellScriptBuildPhase section */
		3E1057699997A1B841604CF0 /* [CP] Embed Pods Frameworks */ = {
			isa = PBXShellScriptBuildPhase;
			buildActionMask = 2147483647;
			files = (
			);
			inputFileListPaths = (
			);
			inputPaths = (
				"${PODS_ROOT}/Target Support Files/Pods-NPSScore/Pods-NPSScore-frameworks.sh",
				"${BUILT_PRODUCTS_DIR}/Alamofire/Alamofire.framework",
			);
			name = "[CP] Embed Pods Frameworks";
			outputFileListPaths = (
			);
			outputPaths = (
				"${TARGET_BUILD_DIR}/${FRAMEWORKS_FOLDER_PATH}/Alamofire.framework",
			);
			runOnlyForDeploymentPostprocessing = 0;
			shellPath = /bin/sh;
			shellScript = "\"${PODS_ROOT}/Target Support Files/Pods-NPSScore/Pods-NPSScore-frameworks.sh\"\n";
			showEnvVarsInLog = 0;
		};
		B53C5DF6E381989348239038 /* [CP] Check Pods Manifest.lock */ = {
			isa = PBXShellScriptBuildPhase;
			buildActionMask = 2147483647;
			files = (
			);
			inputFileListPaths = (
			);
			inputPaths = (
				"${PODS_PODFILE_DIR_PATH}/Podfile.lock",
				"${PODS_ROOT}/Manifest.lock",
			);
			name = "[CP] Check Pods Manifest.lock";
			outputFileListPaths = (
			);
			outputPaths = (
				"$(DERIVED_FILE_DIR)/Pods-NPSScore-checkManifestLockResult.txt",
			);
			runOnlyForDeploymentPostprocessing = 0;
			shellPath = /bin/sh;
			shellScript = "diff \"${PODS_PODFILE_DIR_PATH}/Podfile.lock\" \"${PODS_ROOT}/Manifest.lock\" > /dev/null\nif [ $? != 0 ] ; then\n    # print error to STDERR\n    echo \"error: The sandbox is not in sync with the Podfile.lock. Run 'pod install' or update your CocoaPods installation.\" >&2\n    exit 1\nfi\n# This output is used by Xcode 'outputs' to avoid re-running this script phase.\necho \"SUCCESS\" > \"${SCRIPT_OUTPUT_FILE_0}\"\n";
			showEnvVarsInLog = 0;
		};
/* End PBXShellScriptBuildPhase section */

/* Begin PBXSourcesBuildPhase section */
		2717924C220E89DA00C964B6 /* Sources */ = {
			isa = PBXSourcesBuildPhase;
			buildActionMask = 2147483647;
			files = (
				272ED16D2210A3CF005D0FA9 /* KNPSSingleton.swift in Sources */,
				272ED167220FBF5F005D0FA9 /* KSplashScreenViewController.swift in Sources */,
				272ED174221122C2005D0FA9 /* KNpsValueCollectionViewCell.swift in Sources */,
				272ED1692210958A005D0FA9 /* KBuildModel.swift in Sources */,
				272ED163220FAD13005D0FA9 /* KRequestManager.swift in Sources */,
				272ED16F22110DA0005D0FA9 /* KNpsBuildDetailViewController.swift in Sources */,
				272ED15E220F33B1005D0FA9 /* KConstants.swift in Sources */,
				272ED16B2210A2D2005D0FA9 /* KNpsBuildScoreViewController.swift in Sources */,
				272ED165220FB432005D0FA9 /* KParserManager.swift in Sources */,
				272ED160220FA87D005D0FA9 /* KNpsModel.swift in Sources */,
				27179269220E8ACB00C964B6 /* KBaseViewController.swift in Sources */,
				2717926B220E8AF800C964B6 /* KBaseModel.swift in Sources */,
				27179254220E89DA00C964B6 /* AppDelegate.swift in Sources */,
			);
			runOnlyForDeploymentPostprocessing = 0;
		};
/* End PBXSourcesBuildPhase section */

/* Begin PBXVariantGroup section */
		27179257220E89DA00C964B6 /* Main.storyboard */ = {
			isa = PBXVariantGroup;
			children = (
				27179258220E89DA00C964B6 /* Base */,
			);
			name = Main.storyboard;
			sourceTree = "<group>";
		};
		2717925C220E89DC00C964B6 /* LaunchScreen.storyboard */ = {
			isa = PBXVariantGroup;
			children = (
				2717925D220E89DC00C964B6 /* Base */,
			);
			name = LaunchScreen.storyboard;
			sourceTree = "<group>";
		};
/* End PBXVariantGroup section */

/* Begin XCBuildConfiguration section */
		27179260220E89DC00C964B6 /* Debug */ = {
			isa = XCBuildConfiguration;
			buildSettings = {
				ALWAYS_SEARCH_USER_PATHS = NO;
				CLANG_ANALYZER_NONNULL = YES;
				CLANG_ANALYZER_NUMBER_OBJECT_CONVERSION = YES_AGGRESSIVE;
				CLANG_CXX_LANGUAGE_STANDARD = "gnu++14";
				CLANG_CXX_LIBRARY = "libc++";
				CLANG_ENABLE_MODULES = YES;
				CLANG_ENABLE_OBJC_ARC = YES;
				CLANG_ENABLE_OBJC_WEAK = YES;
				CLANG_WARN_BLOCK_CAPTURE_AUTORELEASING = YES;
				CLANG_WARN_BOOL_CONVERSION = YES;
				CLANG_WARN_COMMA = YES;
				CLANG_WARN_CONSTANT_CONVERSION = YES;
				CLANG_WARN_DEPRECATED_OBJC_IMPLEMENTATIONS = YES;
				CLANG_WARN_DIRECT_OBJC_ISA_USAGE = YES_ERROR;
				CLANG_WARN_DOCUMENTATION_COMMENTS = YES;
				CLANG_WARN_EMPTY_BODY = YES;
				CLANG_WARN_ENUM_CONVERSION = YES;
				CLANG_WARN_INFINITE_RECURSION = YES;
				CLANG_WARN_INT_CONVERSION = YES;
				CLANG_WARN_NON_LITERAL_NULL_CONVERSION = YES;
				CLANG_WARN_OBJC_IMPLICIT_RETAIN_SELF = YES;
				CLANG_WARN_OBJC_LITERAL_CONVERSION = YES;
				CLANG_WARN_OBJC_ROOT_CLASS = YES_ERROR;
				CLANG_WARN_RANGE_LOOP_ANALYSIS = YES;
				CLANG_WARN_STRICT_PROTOTYPES = YES;
				CLANG_WARN_SUSPICIOUS_MOVE = YES;
				CLANG_WARN_UNGUARDED_AVAILABILITY = YES_AGGRESSIVE;
				CLANG_WARN_UNREACHABLE_CODE = YES;
				CLANG_WARN__DUPLICATE_METHOD_MATCH = YES;
				CODE_SIGN_IDENTITY = "iPhone Developer";
				COPY_PHASE_STRIP = NO;
				DEBUG_INFORMATION_FORMAT = dwarf;
				ENABLE_STRICT_OBJC_MSGSEND = YES;
				ENABLE_TESTABILITY = YES;
				GCC_C_LANGUAGE_STANDARD = gnu11;
				GCC_DYNAMIC_NO_PIC = NO;
				GCC_NO_COMMON_BLOCKS = YES;
				GCC_OPTIMIZATION_LEVEL = 0;
				GCC_PREPROCESSOR_DEFINITIONS = (
					"DEBUG=1",
					"$(inherited)",
				);
				GCC_WARN_64_TO_32_BIT_CONVERSION = YES;
				GCC_WARN_ABOUT_RETURN_TYPE = YES_ERROR;
				GCC_WARN_UNDECLARED_SELECTOR = YES;
				GCC_WARN_UNINITIALIZED_AUTOS = YES_AGGRESSIVE;
				GCC_WARN_UNUSED_FUNCTION = YES;
				GCC_WARN_UNUSED_VARIABLE = YES;
				IPHONEOS_DEPLOYMENT_TARGET = 12.1;
				MTL_ENABLE_DEBUG_INFO = INCLUDE_SOURCE;
				MTL_FAST_MATH = YES;
				ONLY_ACTIVE_ARCH = YES;
				SDKROOT = iphoneos;
				SWIFT_ACTIVE_COMPILATION_CONDITIONS = DEBUG;
				SWIFT_OPTIMIZATION_LEVEL = "-Onone";
			};
			name = Debug;
		};
		27179261220E89DC00C964B6 /* Release */ = {
			isa = XCBuildConfiguration;
			buildSettings = {
				ALWAYS_SEARCH_USER_PATHS = NO;
				CLANG_ANALYZER_NONNULL = YES;
				CLANG_ANALYZER_NUMBER_OBJECT_CONVERSION = YES_AGGRESSIVE;
				CLANG_CXX_LANGUAGE_STANDARD = "gnu++14";
				CLANG_CXX_LIBRARY = "libc++";
				CLANG_ENABLE_MODULES = YES;
				CLANG_ENABLE_OBJC_ARC = YES;
				CLANG_ENABLE_OBJC_WEAK = YES;
				CLANG_WARN_BLOCK_CAPTURE_AUTORELEASING = YES;
				CLANG_WARN_BOOL_CONVERSION = YES;
				CLANG_WARN_COMMA = YES;
				CLANG_WARN_CONSTANT_CONVERSION = YES;
				CLANG_WARN_DEPRECATED_OBJC_IMPLEMENTATIONS = YES;
				CLANG_WARN_DIRECT_OBJC_ISA_USAGE = YES_ERROR;
				CLANG_WARN_DOCUMENTATION_COMMENTS = YES;
				CLANG_WARN_EMPTY_BODY = YES;
				CLANG_WARN_ENUM_CONVERSION = YES;
				CLANG_WARN_INFINITE_RECURSION = YES;
				CLANG_WARN_INT_CONVERSION = YES;
				CLANG_WARN_NON_LITERAL_NULL_CONVERSION = YES;
				CLANG_WARN_OBJC_IMPLICIT_RETAIN_SELF = YES;
				CLANG_WARN_OBJC_LITERAL_CONVERSION = YES;
				CLANG_WARN_OBJC_ROOT_CLASS = YES_ERROR;
				CLANG_WARN_RANGE_LOOP_ANALYSIS = YES;
				CLANG_WARN_STRICT_PROTOTYPES = YES;
				CLANG_WARN_SUSPICIOUS_MOVE = YES;
				CLANG_WARN_UNGUARDED_AVAILABILITY = YES_AGGRESSIVE;
				CLANG_WARN_UNREACHABLE_CODE = YES;
				CLANG_WARN__DUPLICATE_METHOD_MATCH = YES;
				CODE_SIGN_IDENTITY = "iPhone Developer";
				COPY_PHASE_STRIP = NO;
				DEBUG_INFORMATION_FORMAT = "dwarf-with-dsym";
				ENABLE_NS_ASSERTIONS = NO;
				ENABLE_STRICT_OBJC_MSGSEND = YES;
				GCC_C_LANGUAGE_STANDARD = gnu11;
				GCC_NO_COMMON_BLOCKS = YES;
				GCC_WARN_64_TO_32_BIT_CONVERSION = YES;
				GCC_WARN_ABOUT_RETURN_TYPE = YES_ERROR;
				GCC_WARN_UNDECLARED_SELECTOR = YES;
				GCC_WARN_UNINITIALIZED_AUTOS = YES_AGGRESSIVE;
				GCC_WARN_UNUSED_FUNCTION = YES;
				GCC_WARN_UNUSED_VARIABLE = YES;
				IPHONEOS_DEPLOYMENT_TARGET = 12.1;
				MTL_ENABLE_DEBUG_INFO = NO;
				MTL_FAST_MATH = YES;
				SDKROOT = iphoneos;
				SWIFT_COMPILATION_MODE = wholemodule;
				SWIFT_OPTIMIZATION_LEVEL = "-O";
				VALIDATE_PRODUCT = YES;
			};
			name = Release;
		};
		27179263220E89DC00C964B6 /* Debug */ = {
			isa = XCBuildConfiguration;
			baseConfigurationReference = F08168DB5D45F8ECA4F64331 /* Pods-NPSScore.debug.xcconfig */;
			buildSettings = {
				ASSETCATALOG_COMPILER_APPICON_NAME = AppIcon;
				CODE_SIGN_STYLE = Automatic;
				DEVELOPMENT_TEAM = SNTMM2N84H;
				INFOPLIST_FILE = NPSScore/Info.plist;
				IPHONEOS_DEPLOYMENT_TARGET = 10.2;
				LD_RUNPATH_SEARCH_PATHS = (
					"$(inherited)",
					"@executable_path/Frameworks",
				);
				PRODUCT_BUNDLE_IDENTIFIER = com.farc.NPSScore;
				PRODUCT_NAME = "$(TARGET_NAME)";
				SWIFT_VERSION = 3.0;
				TARGETED_DEVICE_FAMILY = "1,2";
			};
			name = Debug;
		};
		27179264220E89DC00C964B6 /* Release */ = {
			isa = XCBuildConfiguration;
			baseConfigurationReference = F7B0EF1A46AC678941F4ECC4 /* Pods-NPSScore.release.xcconfig */;
			buildSettings = {
				ASSETCATALOG_COMPILER_APPICON_NAME = AppIcon;
				CODE_SIGN_STYLE = Automatic;
				DEVELOPMENT_TEAM = SNTMM2N84H;
				INFOPLIST_FILE = NPSScore/Info.plist;
				IPHONEOS_DEPLOYMENT_TARGET = 10.2;
				LD_RUNPATH_SEARCH_PATHS = (
					"$(inherited)",
					"@executable_path/Frameworks",
				);
				PRODUCT_BUNDLE_IDENTIFIER = com.farc.NPSScore;
				PRODUCT_NAME = "$(TARGET_NAME)";
				SWIFT_VERSION = 3.0;
				TARGETED_DEVICE_FAMILY = "1,2";
			};
			name = Release;
		};
/* End XCBuildConfiguration section */

/* Begin XCConfigurationList section */
		2717924B220E89DA00C964B6 /* Build configuration list for PBXProject "NPSScore" */ = {
			isa = XCConfigurationList;
			buildConfigurations = (
				27179260220E89DC00C964B6 /* Debug */,
				27179261220E89DC00C964B6 /* Release */,
			);
			defaultConfigurationIsVisible = 0;
			defaultConfigurationName = Release;
		};
		27179262220E89DC00C964B6 /* Build configuration list for PBXNativeTarget "NPSScore" */ = {
			isa = XCConfigurationList;
			buildConfigurations = (
				27179263220E89DC00C964B6 /* Debug */,
				27179264220E89DC00C964B6 /* Release */,
			);
			defaultConfigurationIsVisible = 0;
			defaultConfigurationName = Release;
		};
/* End XCConfigurationList section */
	};
	rootObject = 27179248220E89DA00C964B6 /* Project object */;
}
